Microsoft Visual Studio Solution File, Format Version 12.00
# Visual Studio 14
VisualStudioVersion = 14.0.25420.1
MinimumVisualStudioVersion = 10.0.40219.1
Project("{2150E333-8FDC-42A3-9474-1A3956D46DE8}") = "Apps", "Apps", "{F12EA86F-3BF7-42D6-A797-1F270D5A1891}"
EndProject
Project("{2150E333-8FDC-42A3-9474-1A3956D46DE8}") = "Shared", "Shared", "{D6EF40B0-ED5A-4413-B64D-8FA0CB81DB2E}"
EndProject
Project("{FAE04EC0-301F-11D3-BF4B-00C04F79EFBC}") = "XamLoc.FormsCore", "Shared\XamLoc.FormsCore\XamLoc.FormsCore.csproj", "{33F06539-A85C-41E3-A32E-76259A1CA2F6}"
EndProject
Project("{FAE04EC0-301F-11D3-BF4B-00C04F79EFBC}") = "XamLoc.Forms.IOS", "Apps\XamLoc.Forms.IOS\XamLoc.Forms.IOS.csproj", "{E55F3085-6DD2-456E-AA13-E8C24DE6AA80}"
EndProject
Project("{FAE04EC0-301F-11D3-BF4B-00C04F79EFBC}") = "XamLoc.Forms.Android", "Apps\XamLoc.Forms.Android\XamLoc.Forms.Android.csproj", "{0006EB83-4625-412E-86AE-5BF6F964D916}"
EndProject
Project("{FAE04EC0-301F-11D3-BF4B-00C04F79EFBC}") = "XamLoc.Forms.UWP", "Apps\XamLoc.Forms.UWP\XamLoc.Forms.UWP.csproj", "{A76A3B5E-BCC6-407F-8471-C6DE8BED5FB6}"
EndProject
Global
	GlobalSection(SolutionConfigurationPlatforms) = preSolution
		Debug|Any CPU = Debug|Any CPU
		Debug|ARM = Debug|ARM
		Debug|iPhone = Debug|iPhone
		Debug|iPhoneSimulator = Debug|iPhoneSimulator
		Debug|x64 = Debug|x64
		Debug|x86 = Debug|x86
		Release|Any CPU = Release|Any CPU
		Release|ARM = Release|ARM
		Release|iPhone = Release|iPhone
		Release|iPhoneSimulator = Release|iPhoneSimulator
		Release|x64 = Release|x64
		Release|x86 = Release|x86
	EndGlobalSection
	GlobalSection(ProjectConfigurationPlatforms) = postSolution
		{33F06539-A85C-41E3-A32E-76259A1CA2F6}.Debug|Any CPU.ActiveCfg = Debug|Any CPU
		{33F06539-A85C-41E3-A32E-76259A1CA2F6}.Debug|Any CPU.Build.0 = Debug|Any CPU
		{33F06539-A85C-41E3-A32E-76259A1CA2F6}.Debug|ARM.ActiveCfg = Debug|Any CPU
		{33F06539-A85C-41E3-A32E-76259A1CA2F6}.Debug|ARM.Build.0 = Debug|Any CPU
		{33F06539-A85C-41E3-A32E-76259A1CA2F6}.Debug|iPhone.ActiveCfg = Debug|Any CPU
		{33F06539-A85C-41E3-A32E-76259A1CA2F6}.Debug|iPhone.Build.0 = Debug|Any CPU
		{33F06539-A85C-41E3-A32E-76259A1CA2F6}.Debug|iPhoneSimulator.ActiveCfg = Debug|Any CPU
		{33F06539-A85C-41E3-A32E-76259A1CA2F6}.Debug|iPhoneSimulator.Build.0 = Debug|Any CPU
		{33F06539-A85C-41E3-A32E-76259A1CA2F6}.Debug|x64.ActiveCfg = Debug|Any CPU
		{33F06539-A85C-41E3-A32E-76259A1CA2F6}.Debug|x64.Build.0 = Debug|Any CPU
		{33F06539-A85C-41E3-A32E-76259A1CA2F6}.Debug|x86.ActiveCfg = Debug|Any CPU
		{33F06539-A85C-41E3-A32E-76259A1CA2F6}.Debug|x86.Build.0 = Debug|Any CPU
		{33F06539-A85C-41E3-A32E-76259A1CA2F6}.Release|Any CPU.ActiveCfg = Release|Any CPU
		{33F06539-A85C-41E3-A32E-76259A1CA2F6}.Release|Any CPU.Build.0 = Release|Any CPU
		{33F06539-A85C-41E3-A32E-76259A1CA2F6}.Release|ARM.ActiveCfg = Release|Any CPU
		{33F06539-A85C-41E3-A32E-76259A1CA2F6}.Release|ARM.Build.0 = Release|Any CPU
		{33F06539-A85C-41E3-A32E-76259A1CA2F6}.Release|iPhone.ActiveCfg = Release|Any CPU
		{33F06539-A85C-41E3-A32E-76259A1CA2F6}.Release|iPhone.Build.0 = Release|Any CPU
		{33F06539-A85C-41E3-A32E-76259A1CA2F6}.Release|iPhoneSimulator.ActiveCfg = Release|Any CPU
		{33F06539-A85C-41E3-A32E-76259A1CA2F6}.Release|iPhoneSimulator.Build.0 = Release|Any CPU
		{33F06539-A85C-41E3-A32E-76259A1CA2F6}.Release|x64.ActiveCfg = Release|Any CPU
		{33F06539-A85C-41E3-A32E-76259A1CA2F6}.Release|x64.Build.0 = Release|Any CPU
		{33F06539-A85C-41E3-A32E-76259A1CA2F6}.Release|x86.ActiveCfg = Release|Any CPU
		{33F06539-A85C-41E3-A32E-76259A1CA2F6}.Release|x86.Build.0 = Release|Any CPU
		{E55F3085-6DD2-456E-AA13-E8C24DE6AA80}.Debug|Any CPU.ActiveCfg = Debug|iPhoneSimulator
		{E55F3085-6DD2-456E-AA13-E8C24DE6AA80}.Debug|Any CPU.Build.0 = Debug|iPhoneSimulator
		{E55F3085-6DD2-456E-AA13-E8C24DE6AA80}.Debug|ARM.ActiveCfg = Debug|iPhone
		{E55F3085-6DD2-456E-AA13-E8C24DE6AA80}.Debug|iPhone.ActiveCfg = Debug|iPhone
		{E55F3085-6DD2-456E-AA13-E8C24DE6AA80}.Debug|iPhone.Build.0 = Debug|iPhone
		{E55F3085-6DD2-456E-AA13-E8C24DE6AA80}.Debug|iPhoneSimulator.ActiveCfg = Debug|iPhoneSimulator
		{E55F3085-6DD2-456E-AA13-E8C24DE6AA80}.Debug|iPhoneSimulator.Build.0 = Debug|iPhoneSimulator
		{E55F3085-6DD2-456E-AA13-E8C24DE6AA80}.Debug|x64.ActiveCfg = Debug|iPhone
		{E55F3085-6DD2-456E-AA13-E8C24DE6AA80}.Debug|x86.ActiveCfg = Debug|iPhone
		{E55F3085-6DD2-456E-AA13-E8C24DE6AA80}.Release|Any CPU.ActiveCfg = Release|iPhone
		{E55F3085-6DD2-456E-AA13-E8C24DE6AA80}.Release|Any CPU.Build.0 = Release|iPhone
		{E55F3085-6DD2-456E-AA13-E8C24DE6AA80}.Release|ARM.ActiveCfg = Release|iPhoneSimulator
		{E55F3085-6DD2-456E-AA13-E8C24DE6AA80}.Release|iPhone.ActiveCfg = Release|iPhone
		{E55F3085-6DD2-456E-AA13-E8C24DE6AA80}.Release|iPhone.Build.0 = Release|iPhone
		{E55F3085-6DD2-456E-AA13-E8C24DE6AA80}.Release|iPhoneSimulator.ActiveCfg = Release|iPhoneSimulator
		{E55F3085-6DD2-456E-AA13-E8C24DE6AA80}.Release|iPhoneSimulator.Build.0 = Release|iPhoneSimulator
		{E55F3085-6DD2-456E-AA13-E8C24DE6AA80}.Release|x64.ActiveCfg = Release|iPhoneSimulator
		{E55F3085-6DD2-456E-AA13-E8C24DE6AA80}.Release|x86.ActiveCfg = Release|iPhoneSimulator
		{0006EB83-4625-412E-86AE-5BF6F964D916}.Debug|Any CPU.ActiveCfg = Debug|Any CPU
		{0006EB83-4625-412E-86AE-5BF6F964D916}.Debug|Any CPU.Build.0 = Debug|Any CPU
		{0006EB83-4625-412E-86AE-5BF6F964D916}.Debug|ARM.ActiveCfg = Debug|Any CPU
		{0006EB83-4625-412E-86AE-5BF6F964D916}.Debug|ARM.Build.0 = Debug|Any CPU
		{0006EB83-4625-412E-86AE-5BF6F964D916}.Debug|ARM.Deploy.0 = Debug|Any CPU
		{0006EB83-4625-412E-86AE-5BF6F964D916}.Debug|iPhone.ActiveCfg = Debug|Any CPU
		{0006EB83-4625-412E-86AE-5BF6F964D916}.Debug|iPhone.Build.0 = Debug|Any CPU
		{0006EB83-4625-412E-86AE-5BF6F964D916}.Debug|iPhoneSimulator.ActiveCfg = Debug|Any CPU
		{0006EB83-4625-412E-86AE-5BF6F964D916}.Debug|iPhoneSimulator.Build.0 = Debug|Any CPU
		{0006EB83-4625-412E-86AE-5BF6F964D916}.Debug|x64.ActiveCfg = Debug|Any CPU
		{0006EB83-4625-412E-86AE-5BF6F964D916}.Debug|x64.Build.0 = Debug|Any CPU
		{0006EB83-4625-412E-86AE-5BF6F964D916}.Debug|x64.Deploy.0 = Debug|Any CPU
		{0006EB83-4625-412E-86AE-5BF6F964D916}.Debug|x86.ActiveCfg = Debug|Any CPU
		{0006EB83-4625-412E-86AE-5BF6F964D916}.Debug|x86.Build.0 = Debug|Any CPU
		{0006EB83-4625-412E-86AE-5BF6F964D916}.Debug|x86.Deploy.0 = Debug|Any CPU
		{0006EB83-4625-412E-86AE-5BF6F964D916}.Release|Any CPU.ActiveCfg = Release|Any CPU
		{0006EB83-4625-412E-86AE-5BF6F964D916}.Release|Any CPU.Build.0 = Release|Any CPU
		{0006EB83-4625-412E-86AE-5BF6F964D916}.Release|ARM.ActiveCfg = Release|Any CPU
		{0006EB83-4625-412E-86AE-5BF6F964D916}.Release|ARM.Build.0 = Release|Any CPU
		{0006EB83-4625-412E-86AE-5BF6F964D916}.Release|ARM.Deploy.0 = Release|Any CPU
		{0006EB83-4625-412E-86AE-5BF6F964D916}.Release|iPhone.ActiveCfg = Release|Any CPU
		{0006EB83-4625-412E-86AE-5BF6F964D916}.Release|iPhone.Build.0 = Release|Any CPU
		{0006EB83-4625-412E-86AE-5BF6F964D916}.Release|iPhoneSimulator.ActiveCfg = Release|Any CPU
		{0006EB83-4625-412E-86AE-5BF6F964D916}.Release|iPhoneSimulator.Build.0 = Release|Any CPU
		{0006EB83-4625-412E-86AE-5BF6F964D916}.Release|x64.ActiveCfg = Release|Any CPU
		{0006EB83-4625-412E-86AE-5BF6F964D916}.Release|x64.Build.0 = Release|Any CPU
		{0006EB83-4625-412E-86AE-5BF6F964D916}.Release|x64.Deploy.0 = Release|Any CPU
		{0006EB83-4625-412E-86AE-5BF6F964D916}.Release|x86.ActiveCfg = Release|Any CPU
		{0006EB83-4625-412E-86AE-5BF6F964D916}.Release|x86.Build.0 = Release|Any CPU
		{0006EB83-4625-412E-86AE-5BF6F964D916}.Release|x86.Deploy.0 = Release|Any CPU
		{A76A3B5E-BCC6-407F-8471-C6DE8BED5FB6}.Debug|Any CPU.ActiveCfg = Debug|x86
		{A76A3B5E-BCC6-407F-8471-C6DE8BED5FB6}.Debug|ARM.ActiveCfg = Debug|ARM
		{A76A3B5E-BCC6-407F-8471-C6DE8BED5FB6}.Debug|ARM.Build.0 = Debug|ARM
		{A76A3B5E-BCC6-407F-8471-C6DE8BED5FB6}.Debug|ARM.Deploy.0 = Debug|ARM
		{A76A3B5E-BCC6-407F-8471-C6DE8BED5FB6}.Debug|iPhone.ActiveCfg = Debug|x86
		{A76A3B5E-BCC6-407F-8471-C6DE8BED5FB6}.Debug|iPhoneSimulator.ActiveCfg = Debug|x86
		{A76A3B5E-BCC6-407F-8471-C6DE8BED5FB6}.Debug|x64.ActiveCfg = Debug|x64
		{A76A3B5E-BCC6-407F-8471-C6DE8BED5FB6}.Debug|x64.Build.0 = Debug|x64
		{A76A3B5E-BCC6-407F-8471-C6DE8BED5FB6}.Debug|x64.Deploy.0 = Debug|x64
		{A76A3B5E-BCC6-407F-8471-C6DE8BED5FB6}.Debug|x86.ActiveCfg = Debug|x86
		{A76A3B5E-BCC6-407F-8471-C6DE8BED5FB6}.Debug|x86.Build.0 = Debug|x86
		{A76A3B5E-BCC6-407F-8471-C6DE8BED5FB6}.Debug|x86.Deploy.0 = Debug|x86
		{A76A3B5E-BCC6-407F-8471-C6DE8BED5FB6}.Release|Any CPU.ActiveCfg = Release|x86
		{A76A3B5E-BCC6-407F-8471-C6DE8BED5FB6}.Release|ARM.ActiveCfg = Release|ARM
		{A76A3B5E-BCC6-407F-8471-C6DE8BED5FB6}.Release|ARM.Build.0 = Release|ARM
		{A76A3B5E-BCC6-407F-8471-C6DE8BED5FB6}.Release|ARM.Deploy.0 = Release|ARM
		{A76A3B5E-BCC6-407F-8471-C6DE8BED5FB6}.Release|iPhone.ActiveCfg = Release|x86
		{A76A3B5E-BCC6-407F-8471-C6DE8BED5FB6}.Release|iPhoneSimulator.ActiveCfg = Release|x86
		{A76A3B5E-BCC6-407F-8471-C6DE8BED5FB6}.Release|x64.ActiveCfg = Release|x64
		{A76A3B5E-BCC6-407F-8471-C6DE8BED5FB6}.Release|x64.Build.0 = Release|x64
		{A76A3B5E-BCC6-407F-8471-C6DE8BED5FB6}.Release|x64.Deploy.0 = Release|x64
		{A76A3B5E-BCC6-407F-8471-C6DE8BED5FB6}.Release|x86.ActiveCfg = Release|x86
		{A76A3B5E-BCC6-407F-8471-C6DE8BED5FB6}.Release|x86.Build.0 = Release|x86
		{A76A3B5E-BCC6-407F-8471-C6DE8BED5FB6}.Release|x86.Deploy.0 = Release|x86
	EndGlobalSection
	GlobalSection(SolutionProperties) = preSolution
		HideSolutionNode = FALSE
	EndGlobalSection
	GlobalSection(NestedProjects) = preSolution
		{33F06539-A85C-41E3-A32E-76259A1CA2F6} = {D6EF40B0-ED5A-4413-B64D-8FA0CB81DB2E}
		{E55F3085-6DD2-456E-AA13-E8C24DE6AA80} = {F12EA86F-3BF7-42D6-A797-1F270D5A1891}
		{0006EB83-4625-412E-86AE-5BF6F964D916} = {F12EA86F-3BF7-42D6-A797-1F270D5A1891}
		{A76A3B5E-BCC6-407F-8471-C6DE8BED5FB6} = {F12EA86F-3BF7-42D6-A797-1F270D5A1891}
	EndGlobalSection
EndGlobal
